lockfileVersion: '9.0'

settings:
  autoInstallPeers: true
  excludeLinksFromLockfile: false

importers:

  .:
    dependencies:
      '@openxiot/xiot-core-spec-ts':
        specifier: workspace:*
        version: link:../../packages/xiot-core-spec-ts
      '@openxiot/xiot-core-xcp-ts':
        specifier: workspace:*
        version: link:../../packages/xiot-core-xcp-ts
